// !$*UTF8*$!
{
	archiveVersion = 1;
	classes = {
	};
	objectVersion = 50;
	objects = {

/* Begin PBXBuildFile section */
		C7954CD7208E37BA003D95BC /* AppDelegate.swift in Sources */ = {isa = PBXBuildFile; fileRef = C7954CD6208E37BA003D95BC /* AppDelegate.swift */; };
		C7954CD9208E37BA003D95BC /* TodoListViewController.swift in Sources */ = {isa = PBXBuildFile; fileRef = C7954CD8208E37BA003D95BC /* TodoListViewController.swift */; };
		C7954CDC208E37BA003D95BC /* Main.storyboard in Resources */ = {isa = PBXBuildFile; fileRef = C7954CDA208E37BA003D95BC /* Main.storyboard */; };
		C7954CDE208E37BB003D95BC /* Assets.xcassets in Resources */ = {isa = PBXBuildFile; fileRef = C7954CDD208E37BB003D95BC /* Assets.xcassets */; };
		C7954CE1208E37BB003D95BC /* LaunchScreen.storyboard in Resources */ = {isa = PBXBuildFile; fileRef = C7954CDF208E37BB003D95BC /* LaunchScreen.storyboard */; };
		C7954CE9208EE078003D95BC /* Item.swift in Sources */ = {isa = PBXBuildFile; fileRef = C7954CE8208EE078003D95BC /* Item.swift */; };
/* End PBXBuildFile section */

/* Begin PBXFileReference section */
		C7954CD3208E37BA003D95BC /* Todoey.app */ = {isa = PBXFileReference; explicitFileType = wrapper.application; includeInIndex = 0; path = Todoey.app; sourceTree = BUILT_PRODUCTS_DIR; };
		C7954CD6208E37BA003D95BC /* AppDelegate.swift */ = {isa = PBXFileReference; lastKnownFileType = sourcecode.swift; path = AppDelegate.swift; sourceTree = "<group>"; };
		C7954CD8208E37BA003D95BC /* TodoListViewController.swift */ = {isa = PBXFileReference; lastKnownFileType = sourcecode.swift; path = TodoListViewController.swift; sourceTree = "<group>"; };
		C7954CDB208E37BA003D95BC /* Base */ = {isa = PBXFileReference; lastKnownFileType = file.storyboard; name = Base; path = Base.lproj/Main.storyboard; sourceTree = "<group>"; };
		C7954CDD208E37BB003D95BC /* Assets.xcassets */ = {isa = PBXFileReference; lastKnownFileType = folder.assetcatalog; path = Assets.xcassets; sourceTree = "<group>"; };
		C7954CE0208E37BB003D95BC /* Base */ = {isa = PBXFileReference; lastKnownFileType = file.storyboard; name = Base; path = Base.lproj/LaunchScreen.storyboard; sourceTree = "<group>"; };
		C7954CE2208E37BB003D95BC /* Info.plist */ = {isa = PBXFileReference; lastKnownFileType = text.plist.xml; path = Info.plist; sourceTree = "<group>"; };
		C7954CE8208EE078003D95BC /* Item.swift */ = {isa = PBXFileReference; lastKnownFileType = sourcecode.swift; path = Item.swift; sourceTree = "<group>"; };
/* End PBXFileReference section */

/* Begin PBXFrameworksBuildPhase section */
		C7954CD0208E37BA003D95BC /* Frameworks */ = {
			isa = PBXFrameworksBuildPhase;
			buildActionMask = 2147483647;
			files = (
			);
			runOnlyForDeploymentPostprocessing = 0;
		};
/* End PBXFrameworksBuildPhase section */

/* Begin PBXGroup section */
		C7954CCA208E37BA003D95BC = {
			isa = PBXGroup;
			children = (
				C7954CD5208E37BA003D95BC /* Todoey */,
				C7954CD4208E37BA003D95BC /* Products */,
			);
			sourceTree = "<group>";
		};
		C7954CD4208E37BA003D95BC /* Products */ = {
			isa = PBXGroup;
			children = (
				C7954CD3208E37BA003D95BC /* Todoey.app */,
			);
			name = Products;
			sourceTree = "<group>";
		};
		C7954CD5208E37BA003D95BC /* Todoey */ = {
			isa = PBXGroup;
			children = (
				C7954CD6208E37BA003D95BC /* AppDelegate.swift */,
				C7954CEB208EE0B3003D95BC /* Controllers */,
				C7954CEA208EE0A1003D95BC /* Data Model */,
				C7954CEC208EE0C7003D95BC /* Views */,
				C7954CED208EE0EF003D95BC /* Supporting Files */,
				C7954CE2208E37BB003D95BC /* Info.plist */,
			);
			path = Todoey;
			sourceTree = "<group>";
		};
		C7954CEA208EE0A1003D95BC /* Data Model */ = {
			isa = PBXGroup;
			children = (
				C7954CE8208EE078003D95BC /* Item.swift */,
			);
			path = "Data Model";
			sourceTree = "<group>";
		};
		C7954CEB208EE0B3003D95BC /* Controllers */ = {
			isa = PBXGroup;
			children = (
				C7954CD8208E37BA003D95BC /* TodoListViewController.swift */,
			);
			path = Controllers;
			sourceTree = "<group>";
		};
		C7954CEC208EE0C7003D95BC /* Views */ = {
			isa = PBXGroup;
			children = (
				C7954CDA208E37BA003D95BC /* Main.storyboard */,
			);
			path = Views;
			sourceTree = "<group>";
		};
		C7954CED208EE0EF003D95BC /* Supporting Files */ = {
			isa = PBXGroup;
			children = (
				C7954CDD208E37BB003D95BC /* Assets.xcassets */,
				C7954CDF208E37BB003D95BC /* LaunchScreen.storyboard */,
			);
			path = "Supporting Files";
			sourceTree = "<group>";
		};
/* End PBXGroup section */

/* Begin PBXNativeTarget section */
		C7954CD2208E37BA003D95BC /* Todoey */ = {
			isa = PBXNativeTarget;
			buildConfigurationList = C7954CE5208E37BB003D95BC /* Build configuration list for PBXNativeTarget "Todoey" */;
			buildPhases = (
				C7954CCF208E37BA003D95BC /* Sources */,
				C7954CD0208E37BA003D95BC /* Frameworks */,
				C7954CD1208E37BA003D95BC /* Resources */,
			);
			buildRules = (
			);
			dependencies = (
			);
			name = Todoey;
			productName = Todoey;
			productReference = C7954CD3208E37BA003D95BC /* Todoey.app */;
			productType = "com.apple.product-type.application";
		};
/* End PBXNativeTarget section */

/* Begin PBXProject section */
		C7954CCB208E37BA003D95BC /* Project object */ = {
			isa = PBXProject;
			attributes = {
				LastSwiftUpdateCheck = 0930;
				LastUpgradeCheck = 0930;
				ORGANIZATIONNAME = "최연택";
				TargetAttributes = {
					C7954CD2208E37BA003D95BC = {
						CreatedOnToolsVersion = 9.3;
					};
				};
			};
			buildConfigurationList = C7954CCE208E37BA003D95BC /* Build configuration list for PBXProject "Todoey" */;
			compatibilityVersion = "Xcode 9.3";
			developmentRegion = en;
			hasScannedForEncodings = 0;
			knownRegions = (
				en,
				Base,
			);
			mainGroup = C7954CCA208E37BA003D95BC;
			productRefGroup = C7954CD4208E37BA003D95BC /* Products */;
			projectDirPath = "";
			projectRoot = "";
			targets = (
				C7954CD2208E37BA003D95BC /* Todoey */,
			);
		};
/* End PBXProject section */

/* Begin PBXResourcesBuildPhase section */
		C7954CD1208E37BA003D95BC /* Resources */ = {
			isa = PBXResourcesBuildPhase;
			buildActionMask = 2147483647;
			files = (
				C7954CE1208E37BB003D95BC /* LaunchScreen.storyboard in Resources */,
				C7954CDE208E37BB003D95BC /* Assets.xcassets in Resources */,
				C7954CDC208E37BA003D95BC /* Main.storyboard in Resources */,
			);
			runOnlyForDeploymentPostprocessing = 0;
		};
/* End PBXResourcesBuildPhase section */

/* Begin PBXSourcesBuildPhase section */
		C7954CCF208E37BA003D95BC /* Sources */ = {
			isa = PBXSourcesBuildPhase;
			buildActionMask = 2147483647;
			files = (
				C7954CD9208E37BA003D95BC /* TodoListViewController.swift in Sources */,
				C7954CE9208EE078003D95BC /* Item.swift in Sources */,
				C7954CD7208E37BA003D95BC /* AppDelegate.swift in Sources */,
			);
			runOnlyForDeploymentPostprocessing = 0;
		};
/* End PBXSourcesBuildPhase section */

/* Begin PBXVariantGroup section */
		C7954CDA208E37BA003D95BC /* Main.storyboard */ = {
			isa = PBXVariantGroup;
			children = (
				C7954CDB208E37BA003D95BC /* Base */,
			);
			name = Main.storyboard;
			sourceTree = "<group>";
		};
		C7954CDF208E37BB003D95BC /* LaunchScreen.storyboard */ = {
			isa = PBXVariantGroup;
			children = (
				C7954CE0208E37BB003D95BC /* Base */,
			);
			name = LaunchScreen.storyboard;
			sourceTree = "<group>";
		};
/* End PBXVariantGroup section */

/* Begin XCBuildConfiguration section */
		C7954CE3208E37BB003D95BC /* Debug */ = {
			isa = XCBuildConfiguration;
			buildSettings = {
				ALWAYS_SEARCH_USER_PATHS = NO;
				CLANG_ANALYZER_NONNULL = YES;
				CLANG_ANALYZER_NUMBER_OBJECT_CONVERSION = YES_AGGRESSIVE;
				CLANG_CXX_LANGUAGE_STANDARD = "gnu++14";
				CLANG_CXX_LIBRARY = "libc++";
				CLANG_ENABLE_MODULES = YES;
				CLANG_ENABLE_OBJC_ARC = YES;
				CLANG_ENABLE_OBJC_WEAK = YES;
				CLANG_WARN_BLOCK_CAPTURE_AUTORELEASING = YES;
				CLANG_WARN_BOOL_CONVERSION = YES;
				CLANG_WARN_COMMA = YES;
				CLANG_WARN_CONSTANT_CONVERSION = YES;
				CLANG_WARN_DEPRECATED_OBJC_IMPLEMENTATIONS = YES;
				CLANG_WARN_DIRECT_OBJC_ISA_USAGE = YES_ERROR;
				CLANG_WARN_DOCUMENTATION_COMMENTS = YES;
				CLANG_WARN_EMPTY_BODY = YES;
				CLANG_WARN_ENUM_CONVERSION = YES;
				CLANG_WARN_INFINITE_RECURSION = YES;
				CLANG_WARN_INT_CONVERSION = YES;
				CLANG_WARN_NON_LITERAL_NULL_CONVERSION = YES;
				CLANG_WARN_OBJC_IMPLICIT_RETAIN_SELF = YES;
				CLANG_WARN_OBJC_LITERAL_CONVERSION = YES;
				CLANG_WARN_OBJC_ROOT_CLASS = YES_ERROR;
				CLANG_WARN_RANGE_LOOP_ANALYSIS = YES;
				CLANG_WARN_STRICT_PROTOTYPES = YES;
				CLANG_WARN_SUSPICIOUS_MOVE = YES;
				CLANG_WARN_UNGUARDED_AVAILABILITY = YES_AGGRESSIVE;
				CLANG_WARN_UNREACHABLE_CODE = YES;
				CLANG_WARN__DUPLICATE_METHOD_MATCH = YES;
				CODE_SIGN_IDENTITY = "iPhone Developer";
				COPY_PHASE_STRIP = NO;
				DEBUG_INFORMATION_FORMAT = dwarf;
				ENABLE_STRICT_OBJC_MSGSEND = YES;
				ENABLE_TESTABILITY = YES;
				GCC_C_LANGUAGE_STANDARD = gnu11;
				GCC_DYNAMIC_NO_PIC = NO;
				GCC_NO_COMMON_BLOCKS = YES;
				GCC_OPTIMIZATION_LEVEL = 0;
				GCC_PREPROCESSOR_DEFINITIONS = (
					"DEBUG=1",
					"$(inherited)",
				);
				GCC_WARN_64_TO_32_BIT_CONVERSION = YES;
				GCC_WARN_ABOUT_RETURN_TYPE = YES_ERROR;
				GCC_WARN_UNDECLARED_SELECTOR = YES;
				GCC_WARN_UNINITIALIZED_AUTOS = YES_AGGRESSIVE;
				GCC_WARN_UNUSED_FUNCTION = YES;
				GCC_WARN_UNUSED_VARIABLE = YES;
				IPHONEOS_DEPLOYMENT_TARGET = 11.3;
				MTL_ENABLE_DEBUG_INFO = YES;
				ONLY_ACTIVE_ARCH = YES;
				SDKROOT = iphoneos;
				SWIFT_ACTIVE_COMPILATION_CONDITIONS = DEBUG;
				SWIFT_OPTIMIZATION_LEVEL = "-Onone";
			};
			name = Debug;
		};
		C7954CE4208E37BB003D95BC /* Release */ = {
			isa = XCBuildConfiguration;
			buildSettings = {
				ALWAYS_SEARCH_USER_PATHS = NO;
				CLANG_ANALYZER_NONNULL = YES;
				CLANG_ANALYZER_NUMBER_OBJECT_CONVERSION = YES_AGGRESSIVE;
				CLANG_CXX_LANGUAGE_STANDARD = "gnu++14";
				CLANG_CXX_LIBRARY = "libc++";
				CLANG_ENABLE_MODULES = YES;
				CLANG_ENABLE_OBJC_ARC = YES;
				CLANG_ENABLE_OBJC_WEAK = YES;
				CLANG_WARN_BLOCK_CAPTURE_AUTORELEASING = YES;
				CLANG_WARN_BOOL_CONVERSION = YES;
				CLANG_WARN_COMMA = YES;
				CLANG_WARN_CONSTANT_CONVERSION = YES;
				CLANG_WARN_DEPRECATED_OBJC_IMPLEMENTATIONS = YES;
				CLANG_WARN_DIRECT_OBJC_ISA_USAGE = YES_ERROR;
				CLANG_WARN_DOCUMENTATION_COMMENTS = YES;
				CLANG_WARN_EMPTY_BODY = YES;
				CLANG_WARN_ENUM_CONVERSION = YES;
				CLANG_WARN_INFINITE_RECURSION = YES;
				CLANG_WARN_INT_CONVERSION = YES;
				CLANG_WARN_NON_LITERAL_NULL_CONVERSION = YES;
				CLANG_WARN_OBJC_IMPLICIT_RETAIN_SELF = YES;
				CLANG_WARN_OBJC_LITERAL_CONVERSION = YES;
				CLANG_WARN_OBJC_ROOT_CLASS = YES_ERROR;
				CLANG_WARN_RANGE_LOOP_ANALYSIS = YES;
				CLANG_WARN_STRICT_PROTOTYPES = YES;
				CLANG_WARN_SUSPICIOUS_MOVE = YES;
				CLANG_WARN_UNGUARDED_AVAILABILITY = YES_AGGRESSIVE;
				CLANG_WARN_UNREACHABLE_CODE = YES;
				CLANG_WARN__DUPLICATE_METHOD_MATCH = YES;
				CODE_SIGN_IDENTITY = "iPhone Developer";
				COPY_PHASE_STRIP = NO;
				DEBUG_INFORMATION_FORMAT = "dwarf-with-dsym";
				ENABLE_NS_ASSERTIONS = NO;
				ENABLE_STRICT_OBJC_MSGSEND = YES;
				GCC_C_LANGUAGE_STANDARD = gnu11;
				GCC_NO_COMMON_BLOCKS = YES;
				GCC_WARN_64_TO_32_BIT_CONVERSION = YES;
				GCC_WARN_ABOUT_RETURN_TYPE = YES_ERROR;
				GCC_WARN_UNDECLARED_SELECTOR = YES;
				GCC_WARN_UNINITIALIZED_AUTOS = YES_AGGRESSIVE;
				GCC_WARN_UNUSED_FUNCTION = YES;
				GCC_WARN_UNUSED_VARIABLE = YES;
				IPHONEOS_DEPLOYMENT_TARGET = 11.3;
				MTL_ENABLE_DEBUG_INFO = NO;
				SDKROOT = iphoneos;
				SWIFT_COMPILATION_MODE = wholemodule;
				SWIFT_OPTIMIZATION_LEVEL = "-O";
				VALIDATE_PRODUCT = YES;
			};
			name = Release;
		};
		C7954CE6208E37BB003D95BC /* Debug */ = {
			isa = XCBuildConfiguration;
			buildSettings = {
				ASSETCATALOG_COMPILER_APPICON_NAME = AppIcon;
				CODE_SIGN_STYLE = Automatic;
				INFOPLIST_FILE = Todoey/Info.plist;
				LD_RUNPATH_SEARCH_PATHS = (
					"$(inherited)",
					"@executable_path/Frameworks",
				);
				PRODUCT_BUNDLE_IDENTIFIER = "com.de-elebit.Todoey";
				PRODUCT_NAME = "$(TARGET_NAME)";
				SWIFT_VERSION = 4.0;
				TARGETED_DEVICE_FAMILY = "1,2";
			};
			name = Debug;
		};
		C7954CE7208E37BB003D95BC /* Release */ = {
			isa = XCBuildConfiguration;
			buildSettings = {
				ASSETCATALOG_COMPILER_APPICON_NAME = AppIcon;
				CODE_SIGN_STYLE = Automatic;
				INFOPLIST_FILE = Todoey/Info.plist;
				LD_RUNPATH_SEARCH_PATHS = (
					"$(inherited)",
					"@executable_path/Frameworks",
				);
				PRODUCT_BUNDLE_IDENTIFIER = "com.de-elebit.Todoey";
				PRODUCT_NAME = "$(TARGET_NAME)";
				SWIFT_VERSION = 4.0;
				TARGETED_DEVICE_FAMILY = "1,2";
			};
			name = Release;
		};
/* End XCBuildConfiguration section */

/* Begin XCConfigurationList section */
		C7954CCE208E37BA003D95BC /* Build configuration list for PBXProject "Todoey" */ = {
			isa = XCConfigurationList;
			buildConfigurations = (
				C7954CE3208E37BB003D95BC /* Debug */,
				C7954CE4208E37BB003D95BC /* Release */,
			);
			defaultConfigurationIsVisible = 0;
			defaultConfigurationName = Release;
		};
		C7954CE5208E37BB003D95BC /* Build configuration list for PBXNativeTarget "Todoey" */ = {
			isa = XCConfigurationList;
			buildConfigurations = (
				C7954CE6208E37BB003D95BC /* Debug */,
				C7954CE7208E37BB003D95BC /* Release */,
			);
			defaultConfigurationIsVisible = 0;
			defaultConfigurationName = Release;
		};
/* End XCConfigurationList section */
	};
	rootObject = C7954CCB208E37BA003D95BC /* Project object */;
}
